
Microsoft Visual Studio Solution File, Format Version 12.00
# Visual Studio Version 16
VisualStudioVersion = 16.0.31005.135
MinimumVisualStudioVersion = 15.0.26124.0
Project("{2150E333-8FDC-42A3-9474-1A3956D46DE8}") = "Week2", "Week2", "{9484F5BB-EC84-482D-B2FF-DF894E7BCB84}"
EndProject
Project("{9A19103F-16F7-4668-BE54-9A1E7A4F7556}") = "DataTypes", "DataTypes\DataTypes.csproj", "{F9B44D33-E8A3-4F40-B3E1-1D4F12839A30}"
EndProject
Project("{2150E333-8FDC-42A3-9474-1A3956D46DE8}") = "Week3", "Week3", "{D7696EDB-9B61-46A5-9A56-356763F8FE1F}"
EndProject
Project("{9A19103F-16F7-4668-BE54-9A1E7A4F7556}") = "Week3.Operators", "Week3.Operators\Week3.Operators.csproj", "{81C52F98-3E75-494F-BE21-11537EFE0587}"
EndProject
Project("{9A19103F-16F7-4668-BE54-9A1E7A4F7556}") = "Week3.DecisionMaking", "Week3.DecisionMaking\Week3.DecisionMaking.csproj", "{5DFA4422-0E9C-4616-89F0-341B9F37BA43}"
EndProject
Project("{9A19103F-16F7-4668-BE54-9A1E7A4F7556}") = "Week3.Loops", "Week3.Loops\Week3.Loops.csproj", "{A4A2816E-19A4-48C5-9DFD-CEAA44BD9F6C}"
EndProject
Project("{9A19103F-16F7-4668-BE54-9A1E7A4F7556}") = "Week3.Tasks", "Week3.Tasks\Week3.Tasks.csproj", "{D659EAFC-3D16-42B9-8663-25261796989D}"
EndProject
Project("{2150E333-8FDC-42A3-9474-1A3956D46DE8}") = "Week4", "Week4", "{5507722C-E3B6-48AD-B1BC-0B73689BD3E8}"
EndProject
Project("{9A19103F-16F7-4668-BE54-9A1E7A4F7556}") = "Week4.CSharpPatternMatching", "Week4.CSharpPatternMatching\Week4.CSharpPatternMatching.csproj", "{B67F4072-C48E-4028-97D3-6EDD8882E48F}"
EndProject
Project("{9A19103F-16F7-4668-BE54-9A1E7A4F7556}") = "Week4.Keywords", "Week4.Keywords\Week4.Keywords.csproj", "{0E398FE6-E4B7-4292-807A-2A2490F17334}"
EndProject
Project("{9A19103F-16F7-4668-BE54-9A1E7A4F7556}") = "Week4.Array", "Week4.Array\Week4.Array.csproj", "{F645F80D-7981-453E-9CFF-AAE03FB03146}"
EndProject
Project("{9A19103F-16F7-4668-BE54-9A1E7A4F7556}") = "Week4.Tasks", "Week4.Tasks\Week4.Tasks.csproj", "{28E6BD65-4480-4521-8795-36AB664858AC}"
EndProject
Project("{2150E333-8FDC-42A3-9474-1A3956D46DE8}") = "Week5", "Week5", "{6D6C8BE1-6157-4550-84DB-40B74D6C24DB}"
EndProject
Project("{9A19103F-16F7-4668-BE54-9A1E7A4F7556}") = "Week5.Collections", "Week5.Collections\Week5.Collections.csproj", "{355E8E61-9E8F-4FB3-B33D-5E887606DDC3}"
EndProject
Project("{9A19103F-16F7-4668-BE54-9A1E7A4F7556}") = "About_String", "About_String\About_String.csproj", "{D55A3B1E-0606-4CC9-965C-D44F67FFFE35}"
EndProject
Project("{9A19103F-16F7-4668-BE54-9A1E7A4F7556}") = "Week5.Methods_Intro", "Week5.Methods_Intro\Week5.Methods_Intro.csproj", "{976B44EC-DD8D-4C93-95F7-8E3EA85E132C}"
EndProject
Project("{9A19103F-16F7-4668-BE54-9A1E7A4F7556}") = "Week5.Tasks", "Week5.Tasks\Week5.Tasks.csproj", "{1BF26852-EC51-4E56-8B7A-87B4B96759C4}"
EndProject
Project("{2150E333-8FDC-42A3-9474-1A3956D46DE8}") = "Week6", "Week6", "{AD945E15-F067-4679-99DA-D3CB625BEB3D}"
EndProject
Project("{9A19103F-16F7-4668-BE54-9A1E7A4F7556}") = "Week6.OOP.Class", "Week6.OOP.Class\Week6.OOP.Class.csproj", "{A7C76FA9-E5FA-4E74-B6D5-D39C486F11D7}"
EndProject
Project("{9A19103F-16F7-4668-BE54-9A1E7A4F7556}") = "Week6.OOP.Encapsulation", "Week6.OOP.Encapsulation\Week6.OOP.Encapsulation.csproj", "{C8AB7B15-0576-43EF-9440-7A556BE95E0D}"
EndProject
Project("{9A19103F-16F7-4668-BE54-9A1E7A4F7556}") = "Week6.Tasks", "Week6.Tasks\Week6.Tasks.csproj", "{353137FC-629A-4DC5-BBC3-CFD29067B91F}"
EndProject
Project("{2150E333-8FDC-42A3-9474-1A3956D46DE8}") = "Week7", "Week7", "{1E4F181F-4748-46D9-92B3-8734C47734EB}"
EndProject
Project("{9A19103F-16F7-4668-BE54-9A1E7A4F7556}") = "Week7.OOP.Inheritance", "Week7.OOP.Inheritance\Week7.OOP.Inheritance.csproj", "{DEA6E068-114E-49AE-8658-35BC22848603}"
EndProject
Project("{9A19103F-16F7-4668-BE54-9A1E7A4F7556}") = "Week7.OOP.Static", "Week7.OOP.Static\Week7.OOP.Static.csproj", "{9469E6F9-B689-45B7-858B-6A0A912B226E}"
EndProject
Project("{9A19103F-16F7-4668-BE54-9A1E7A4F7556}") = "Week7.OOP.InnerType", "Week7.OOP.InnerType\Week7.OOP.InnerType.csproj", "{CE62B48B-DF6B-4C09-A78F-D0832057A5F1}"
EndProject
Project("{9A19103F-16F7-4668-BE54-9A1E7A4F7556}") = "Week7.OOP.Polymorphism", "Week7.OOP.Polymorphism\Week7.OOP.Polymorphism.csproj", "{FC95DD1D-6B80-402E-8C55-04E09416B537}"
EndProject
Project("{9A19103F-16F7-4668-BE54-9A1E7A4F7556}") = "Week7.OOP.Abstraction", "Week7.OOP.Abstraction\Week7.OOP.Abstraction.csproj", "{0485FBF3-1145-4460-AC24-7EEF7CA15133}"
EndProject
Project("{9A19103F-16F7-4668-BE54-9A1E7A4F7556}") = "Week7.OOP.Interface", "Week7.OOP.Interface\Week7.OOP.Interface.csproj", "{E81B6BC4-7B2E-4134-8234-DD6384F18461}"
EndProject
Project("{9A19103F-16F7-4668-BE54-9A1E7A4F7556}") = "Week7.Tasks", "Week7.Tasks\Week7.Tasks.csproj", "{8C0B1FC7-6D15-461B-9624-CD1C2A0B6083}"
EndProject
Project("{2150E333-8FDC-42A3-9474-1A3956D46DE8}") = "Week8", "Week8", "{AA7E844E-6A90-45C2-B1AB-4747CF32ADB1}"
EndProject
Project("{FAE04EC0-301F-11D3-BF4B-00C04F79EFBC}") = "Week8.PartialClass", "Week8.PartialClass\Week8.PartialClass.csproj", "{E2CB5F03-062F-4F20-8862-979846F48807}"
EndProject
Project("{FAE04EC0-301F-11D3-BF4B-00C04F79EFBC}") = "Week8.OOP.Enum", "Week8.OOP.Enum\Week8.OOP.Enum.csproj", "{69C5058E-C0F3-446D-8088-61B82218EE85}"
EndProject
Project("{FAE04EC0-301F-11D3-BF4B-00C04F79EFBC}") = "Week8.GenericCollections", "Week8.GenericCollections\Week8.GenericCollections.csproj", "{38567761-73D4-4492-B73B-20F033A231F8}"
EndProject
Project("{FAE04EC0-301F-11D3-BF4B-00C04F79EFBC}") = "Week8.Generic", "Week8.Generic\Week8.Generic.csproj", "{AD19D02C-6BCD-42B9-A79D-6A998089A138}"
EndProject
Project("{2150E333-8FDC-42A3-9474-1A3956D46DE8}") = "WindowsFormsApps", "WindowsFormsApps", "{06814746-26FA-47A0-A5C5-95469D3DFC7D}"
EndProject
Project("{9A19103F-16F7-4668-BE54-9A1E7A4F7556}") = "WindowsFormsApps.WinFormsIntro", "WindowsFormsApps\WindowsFormsApps.WinFormsIntro\WindowsFormsApps.WinFormsIntro.csproj", "{CD6305FF-7F81-4CAF-8763-6D58C2018C30}"
EndProject
Project("{2150E333-8FDC-42A3-9474-1A3956D46DE8}") = "ConsoleApps", "ConsoleApps", "{88043859-169E-4519-9383-CBE46DE7F0FC}"
EndProject
Project("{2150E333-8FDC-42A3-9474-1A3956D46DE8}") = "Projects", "Projects", "{2F30E6B1-813B-4254-A022-D84E6FD09833}"
EndProject
Project("{9A19103F-16F7-4668-BE54-9A1E7A4F7556}") = "WinForms.TodoApp", "WindowsFormsApps\Projects\WinForms.TodoApp\WinForms.TodoApp.csproj", "{93588BCB-8C2E-4FD2-93BB-5176A06A2D53}"
EndProject
Project("{2150E333-8FDC-42A3-9474-1A3956D46DE8}") = "Week10", "Week10", "{D80E27DA-7B33-4AC5-8D88-FF821A245128}"
EndProject
Project("{9A19103F-16F7-4668-BE54-9A1E7A4F7556}") = "SystemIO_DirectoryOperations", "ConsoleApps\Week10\SystemIO_DirectoryOperations\SystemIO_DirectoryOperations.csproj", "{9DD16CB7-AE7D-4FA1-9835-D7C613B554BF}"
EndProject
Project("{9A19103F-16F7-4668-BE54-9A1E7A4F7556}") = "SystemIO_FileOperations", "ConsoleApps\Week10\SystemIO_FileOperations\SystemIO_FileOperations.csproj", "{D41C4FA4-64AF-4AF4-AABA-C9F477F9FF19}"
EndProject
Project("{2150E333-8FDC-42A3-9474-1A3956D46DE8}") = "Week10", "Week10", "{9A808AB0-79DB-4F1D-A78F-C10D9028F882}"
EndProject
Project("{9A19103F-16F7-4668-BE54-9A1E7A4F7556}") = "SystemIOWinForms", "WindowsFormsApps\Week10\SystemIOWinForms\SystemIOWinForms.csproj", "{F2B29F1A-90EA-4A3F-A701-7208655FCDE4}"
EndProject
Project("{9A19103F-16F7-4668-BE54-9A1E7A4F7556}") = "ExceptionHandling.TryCatch", "ConsoleApps\Week10\ExceptionHandling.TryCatch\ExceptionHandling.TryCatch.csproj", "{AA655DF6-D163-4A8A-903D-7273CA337B78}"
EndProject
Project("{2150E333-8FDC-42A3-9474-1A3956D46DE8}") = "Week2", "Week2", "{99594D7B-12F9-4E2B-BDAF-E349DA7B83EE}"
EndProject
Project("{9A19103F-16F7-4668-BE54-9A1E7A4F7556}") = "DataTypes", "ConsoleApps\Week2\DataTypes\DataTypes.csproj", "{5B00129D-579B-4890-80F9-7C89CD7F41E4}"
EndProject
Project("{2150E333-8FDC-42A3-9474-1A3956D46DE8}") = "Week3", "Week3", "{C2E871A6-68EF-4F81-B5C0-58B5CEBD4E1B}"
EndProject
Project("{9A19103F-16F7-4668-BE54-9A1E7A4F7556}") = "Week3.Operators", "ConsoleApps\Week3\Week3.Operators\Week3.Operators.csproj", "{F252219A-C91C-448C-9F8B-69A1EB40CEF1}"
EndProject
Project("{9A19103F-16F7-4668-BE54-9A1E7A4F7556}") = "Week3.Loops", "ConsoleApps\Week3\Week3.Loops\Week3.Loops.csproj", "{A71A933F-4B93-4FF8-BE22-B6B4CF51D1F7}"
EndProject
Project("{9A19103F-16F7-4668-BE54-9A1E7A4F7556}") = "Week3.DecisionMaking", "ConsoleApps\Week3\Week3.DecisionMaking\Week3.DecisionMaking.csproj", "{855B356E-EA6E-4930-B779-A044920DEFC2}"
EndProject
Project("{9A19103F-16F7-4668-BE54-9A1E7A4F7556}") = "Week3.Tasks", "ConsoleApps\Week3\Week3.Tasks\Week3.Tasks.csproj", "{889B3DC8-57D2-4418-8A10-789C767079B2}"
EndProject
Project("{2150E333-8FDC-42A3-9474-1A3956D46DE8}") = "Week4", "Week4", "{FD0CEDE4-5B44-47EE-840C-5F97377357BD}"
EndProject
Project("{9A19103F-16F7-4668-BE54-9A1E7A4F7556}") = "Week4.Array", "ConsoleApps\Week4\Week4.Array\Week4.Array.csproj", "{AD0184DF-7EE8-4659-8AF0-FFD4795DB749}"
EndProject
Project("{9A19103F-16F7-4668-BE54-9A1E7A4F7556}") = "Week4.CSharpPatternMatching", "ConsoleApps\Week4\Week4.CSharpPatternMatching\Week4.CSharpPatternMatching.csproj", "{4CFDD74B-3CD2-493E-A86B-8BAF9D63C611}"
EndProject
Project("{9A19103F-16F7-4668-BE54-9A1E7A4F7556}") = "Week4.Keywords", "ConsoleApps\Week4\Week4.Keywords\Week4.Keywords.csproj", "{F7568B7D-C787-451A-A75F-BD09926B4452}"
EndProject
Project("{9A19103F-16F7-4668-BE54-9A1E7A4F7556}") = "Week4.Tasks", "ConsoleApps\Week4\Week4.Tasks\Week4.Tasks.csproj", "{13F011FF-0220-4103-B4DF-A9FEF72F539F}"
EndProject
Project("{2150E333-8FDC-42A3-9474-1A3956D46DE8}") = "Week5", "Week5", "{1C304371-622D-4330-B976-FB750C57A5A0}"
EndProject
Project("{9A19103F-16F7-4668-BE54-9A1E7A4F7556}") = "Week5.Tasks", "ConsoleApps\Week5\Week5.Tasks\Week5.Tasks.csproj", "{FBFAA787-A93C-4F85-9387-61A12B8EC5B4}"
EndProject
Project("{9A19103F-16F7-4668-BE54-9A1E7A4F7556}") = "Week5.Collections", "ConsoleApps\Week5\Week5.Collections\Week5.Collections.csproj", "{BFDA7C44-25BD-4D68-9D36-91A586BF52ED}"
EndProject
Project("{9A19103F-16F7-4668-BE54-9A1E7A4F7556}") = "Week5.Methods_Intro", "ConsoleApps\Week5\Week5.Methods_Intro\Week5.Methods_Intro.csproj", "{94557609-8273-4DB5-B027-C78B815E45C6}"
EndProject
Project("{9A19103F-16F7-4668-BE54-9A1E7A4F7556}") = "About_String", "ConsoleApps\Week5\About_String\About_String.csproj", "{ABF45D57-184E-49CD-97E3-4487D623B66B}"
EndProject
Project("{2150E333-8FDC-42A3-9474-1A3956D46DE8}") = "Week6", "Week6", "{836B838B-4BBA-413A-A0F6-FDFF7DBDBD66}"
EndProject
Project("{9A19103F-16F7-4668-BE54-9A1E7A4F7556}") = "Week6.OOP.Encapsulation", "ConsoleApps\Week6\Week6.OOP.Encapsulation\Week6.OOP.Encapsulation.csproj", "{661ABC97-F7C8-47FD-BFB7-3F10810DEEA2}"
EndProject
Project("{9A19103F-16F7-4668-BE54-9A1E7A4F7556}") = "Week6.OOP.Class", "ConsoleApps\Week6\Week6.OOP.Class\Week6.OOP.Class.csproj", "{F0DDBC7B-060B-4F40-905C-960C40192F96}"
EndProject
Project("{9A19103F-16F7-4668-BE54-9A1E7A4F7556}") = "Week6.Tasks", "ConsoleApps\Week6\Week6.Tasks\Week6.Tasks.csproj", "{C9CAB895-172B-42C8-B001-307A2D957D35}"
EndProject
Project("{2150E333-8FDC-42A3-9474-1A3956D46DE8}") = "Week7", "Week7", "{08F92FF8-18B2-4090-A06F-50F50F6E8F96}"
EndProject
Project("{9A19103F-16F7-4668-BE54-9A1E7A4F7556}") = "Week7.OOP.Static", "ConsoleApps\Week7\Week7.OOP.Static\Week7.OOP.Static.csproj", "{0B91A6CD-2302-4382-A27C-3E7DB2859ABA}"
EndProject
Project("{9A19103F-16F7-4668-BE54-9A1E7A4F7556}") = "Week7.OOP.InnerType", "ConsoleApps\Week7\Week7.OOP.InnerType\Week7.OOP.InnerType.csproj", "{D05539E2-3809-4EDE-9C10-978B7D029D47}"
EndProject
Project("{9A19103F-16F7-4668-BE54-9A1E7A4F7556}") = "Week7.OOP.Interface", "ConsoleApps\Week7\Week7.OOP.Interface\Week7.OOP.Interface.csproj", "{CD7E50A1-2D8F-4656-9444-D6052BE25D1A}"
EndProject
Project("{9A19103F-16F7-4668-BE54-9A1E7A4F7556}") = "Week7.OOP.Inheritance", "ConsoleApps\Week7\Week7.OOP.Inheritance\Week7.OOP.Inheritance.csproj", "{92F0814C-355D-4B6F-8432-F58DA9B500D6}"
EndProject
Project("{9A19103F-16F7-4668-BE54-9A1E7A4F7556}") = "Week7.OOP.Abstraction", "ConsoleApps\Week7\Week7.OOP.Abstraction\Week7.OOP.Abstraction.csproj", "{5E0C3CE0-9ABE-4C35-A926-4B2B8A1E4F7A}"
EndProject
Project("{9A19103F-16F7-4668-BE54-9A1E7A4F7556}") = "Week7.OOP.Polymorphism", "ConsoleApps\Week7\Week7.OOP.Polymorphism\Week7.OOP.Polymorphism.csproj", "{850327C6-B97F-43AC-8C6B-64C16EE156BF}"
EndProject
Project("{9A19103F-16F7-4668-BE54-9A1E7A4F7556}") = "Week7.Tasks", "ConsoleApps\Week7\Week7.Tasks\Week7.Tasks.csproj", "{42B574F9-3B8D-4DF0-8FFA-792CA271FA1B}"
EndProject
Project("{2150E333-8FDC-42A3-9474-1A3956D46DE8}") = "Week8", "Week8", "{40B6F585-DAFC-4706-9DA4-14F99D6344BC}"
EndProject
Project("{9A19103F-16F7-4668-BE54-9A1E7A4F7556}") = "Week8.Generic", "ConsoleApps\Week8\Week8.Generic\Week8.Generic.csproj", "{9AEF5972-2A38-43EE-94DD-0CBC1A4F2D0A}"
EndProject
Project("{9A19103F-16F7-4668-BE54-9A1E7A4F7556}") = "Week8.GenericCollections", "ConsoleApps\Week8\Week8.GenericCollections\Week8.GenericCollections.csproj", "{EF9C0637-71D2-4C6F-8EA2-36F5772B554F}"
EndProject
Project("{9A19103F-16F7-4668-BE54-9A1E7A4F7556}") = "Week8.OOP.Enum", "ConsoleApps\Week8\Week8.OOP.Enum\Week8.OOP.Enum.csproj", "{AD114ADD-AE7B-49BE-A675-0B2E1A2DE868}"
EndProject
Project("{9A19103F-16F7-4668-BE54-9A1E7A4F7556}") = "Week8.PartialClass", "ConsoleApps\Week8\Week8.PartialClass\Week8.PartialClass.csproj", "{D006EFFD-8F01-47F4-809E-63811B419F5C}"
EndProject
Project("{2150E333-8FDC-42A3-9474-1A3956D46DE8}") = "Week11", "Week11", "{4C1992A9-59ED-4447-B89C-25BBDB2DA606}"
EndProject
Project("{9A19103F-16F7-4668-BE54-9A1E7A4F7556}") = "DelegatesConsoleApp", "ConsoleApps\Week11\DelegatesConsoleApp\DelegatesConsoleApp.csproj", "{6EE59817-C424-4BF2-A374-23EF72B1C1F5}"
EndProject
Project("{2150E333-8FDC-42A3-9474-1A3956D46DE8}") = "Week11", "Week11", "{FF996691-7B51-4AB9-A9D2-6DF428858561}"
EndProject
Project("{9A19103F-16F7-4668-BE54-9A1E7A4F7556}") = "LINQConsoleApp", "ConsoleApps\Week11\LINQConsoleApp\LINQConsoleApp.csproj", "{6D95B6B7-E04E-429B-856F-29E76F412A9D}"
EndProject
Project("{2150E333-8FDC-42A3-9474-1A3956D46DE8}") = "week15", "week15", "{5065C53F-922E-4763-B165-4D22BA246A3C}"
EndProject
Project("{9A19103F-16F7-4668-BE54-9A1E7A4F7556}") = "SystemXML", "ConsoleApps\week15\SystemXML\SystemXML.csproj", "{1692CF0D-B512-4766-8198-7197E045A1AA}"
EndProject
Project("{FAE04EC0-301F-11D3-BF4B-00C04F79EFBC}") = "RSSReadingAPP.NetFramework", "WindowsFormsApps\Projects\RSSReadingAPP.NetFramework\RSSReadingAPP.NetFramework.csproj", "{3BF077DA-30D5-410B-9182-2AC77C899845}"
EndProject
Project("{9A19103F-16F7-4668-BE54-9A1E7A4F7556}") = "JSON", "ConsoleApps\week15\JSON\JSON.csproj", "{ED5A859A-8B63-48FB-A066-35D65FFE1AC8}"
EndProject
Project("{9A19103F-16F7-4668-BE54-9A1E7A4F7556}") = "LinqToXML", "ConsoleApps\week15\LinqToXML\LinqToXML.csproj", "{8AC316F9-20AC-41B9-B7CD-A3060A21BA18}"
EndProject
Project("{9A19103F-16F7-4668-BE54-9A1E7A4F7556}") = "CSV", "ConsoleApps\week15\CSV\CSV.csproj", "{88E247E9-7360-49F6-BAB1-9513E34199EE}"
EndProject
Project("{2150E333-8FDC-42A3-9474-1A3956D46DE8}") = "week16", "week16", "{1BBB3880-309B-4F4E-82D3-C59472558A6B}"
EndProject
Project("{2150E333-8FDC-42A3-9474-1A3956D46DE8}") = "Reflection", "Reflection", "{0C3E898D-57A8-4D84-941C-AEFAC294C55F}"
	ProjectSection(SolutionItems) = preProject
		Reflection.txt = Reflection.txt
	EndProjectSection
EndProject
Project("{2150E333-8FDC-42A3-9474-1A3956D46DE8}") = "Registry", "Registry", "{A9A6B045-E8C5-4091-BDE8-CC1178CBE762}"
EndProject
Project("{9A19103F-16F7-4668-BE54-9A1E7A4F7556}") = "RegistryConsoleApp", "ConsoleApps\week16\Registry\RegistryConsoleApp\RegistryConsoleApp.csproj", "{1CD01B0F-BCB8-4493-BD2B-EDEEDE099C20}"
EndProject
Project("{FAE04EC0-301F-11D3-BF4B-00C04F79EFBC}") = "RegistryWMIConsoleAppNetFramework", "ConsoleApps\week16\Registry\RegistryWMIConsoleAppNetFramework\RegistryWMIConsoleAppNetFramework.csproj", "{CF9773F3-355E-4AEE-9EC2-1099EEDD5C46}"
EndProject
Project("{9A19103F-16F7-4668-BE54-9A1E7A4F7556}") = "ReflectionConsoleApp", "ConsoleApps\week16\Reflection\ReflectionConsoleApp\ReflectionConsoleApp.csproj", "{FE38A189-40E9-446E-83FF-BE44A0E63DB5}"
EndProject
Project("{9A19103F-16F7-4668-BE54-9A1E7A4F7556}") = "ReflectionLateBindingConsoleApp", "ConsoleApps\week16\Reflection\ReflectionLateBindingConsoleApp\ReflectionLateBindingConsoleApp.csproj", "{A9A3EF69-C9AC-41BB-A95D-14BDE31680EE}"
EndProject
Project("{9A19103F-16F7-4668-BE54-9A1E7A4F7556}") = "week16.ReflectionWinFormsApp", "WindowsFormsApps\Projects\week16.ReflectionWinFormsApp\week16.ReflectionWinFormsApp.csproj", "{C205F730-E78D-4A35-8C2E-53E6B9B0EC12}"
EndProject
Project("{2150E333-8FDC-42A3-9474-1A3956D46DE8}") = "PhoneBook", "PhoneBook", "{5FB718E8-3518-40FB-8362-31362B399E90}"
EndProject
Project("{9A19103F-16F7-4668-BE54-9A1E7A4F7556}") = "PhoneBook.UI.WinFormsApp", "WindowsFormsApps\Projects\PhoneBook\PhoneBook.UI.WinFormsApp\PhoneBook.UI.WinFormsApp.csproj", "{A22E8BCC-57B0-4D9A-AF35-E7E9E48C9953}"
EndProject
Project("{9A19103F-16F7-4668-BE54-9A1E7A4F7556}") = "PhoneBook.Core", "WindowsFormsApps\Projects\PhoneBook\PhoneBook.Core\PhoneBook.Core.csproj", "{788A6540-CED9-41C5-816A-EE493FA10216}"
EndProject
Project("{9A19103F-16F7-4668-BE54-9A1E7A4F7556}") = "PhoneBook.Business", "WindowsFormsApps\Projects\PhoneBook\PhoneBook.Business\PhoneBook.Business.csproj", "{AC5324E4-A0DB-4943-8F17-C5E4694BCFDB}"
EndProject
Project("{9A19103F-16F7-4668-BE54-9A1E7A4F7556}") = "PhoneBook.Entities", "WindowsFormsApps\Projects\PhoneBook\PhoneBook.Entities\PhoneBook.Entities.csproj", "{2C9909BE-CD3D-426E-9594-B0B200C95F3E}"
EndProject
Project("{9A19103F-16F7-4668-BE54-9A1E7A4F7556}") = "ReflectionLib", "ConsoleApps\week16\Reflection\ReflectionLib\ReflectionLib.csproj", "{12911B9D-100B-494F-A03D-4CDC7FC19085}"
EndProject
Project("{9A19103F-16F7-4668-BE54-9A1E7A4F7556}") = "ReflectionWinForm", "ConsoleApps\week16\Reflection\ReflectionLibConsoleApp\ReflectionWinForm\ReflectionWinForm.csproj", "{3FF16685-9624-49D1-A337-BFDBDFD79795}"
EndProject
Project("{2150E333-8FDC-42A3-9474-1A3956D46DE8}") = "WebApplications", "WebApplications", "{3DB29465-5F89-4BBF-A7D5-6FA941E53868}"
EndProject
Project("{2150E333-8FDC-42A3-9474-1A3956D46DE8}") = "Week19", "Week19", "{2C8E4721-E03D-47D2-BA0F-5C3601B82E30}"
EndProject
Project("{FAE04EC0-301F-11D3-BF4B-00C04F79EFBC}") = "WebApplicationIntro", "WebApplicationApps\Week19\WebApplicationIntro\WebApplicationIntro.csproj", "{1EE6160E-110F-448C-81D1-0BA4A962B549}"
EndProject
Project("{FAE04EC0-301F-11D3-BF4B-00C04F79EFBC}") = "WebApplicationEmpty", "WebApplicationApps\Week19\WebApplication1\WebApplicationEmpty.csproj", "{2CD91F92-8525-4A20-A148-95F70294C1EE}"
EndProject
Project("{2150E333-8FDC-42A3-9474-1A3956D46DE8}") = "Week20", "Week20", "{6D49CB65-823F-4436-B8B1-FAB78CF599EC}"
EndProject
Project("{FAE04EC0-301F-11D3-BF4B-00C04F79EFBC}") = "WebApplication", "WebApplicationApps\Week20\WebApplication\WebApplication.csproj", "{EDC256C3-3844-4C2A-857A-D8A35F6DE2CC}"
EndProject
Project("{2150E333-8FDC-42A3-9474-1A3956D46DE8}") = "Projects", "Projects", "{9C7843A7-A469-4EDF-ABFB-772E5D42729F}"
EndProject
Global
	GlobalSection(SolutionConfigurationPlatforms) = preSolution
		Debug|Any CPU = Debug|Any CPU
		Release|Any CPU = Release|Any CPU
	EndGlobalSection
	GlobalSection(ProjectConfigurationPlatforms) = postSolution
		{F9B44D33-E8A3-4F40-B3E1-1D4F12839A30}.Debug|Any CPU.ActiveCfg = Debug|Any CPU
		{F9B44D33-E8A3-4F40-B3E1-1D4F12839A30}.Debug|Any CPU.Build.0 = Debug|Any CPU
		{F9B44D33-E8A3-4F40-B3E1-1D4F12839A30}.Release|Any CPU.ActiveCfg = Release|Any CPU
		{F9B44D33-E8A3-4F40-B3E1-1D4F12839A30}.Release|Any CPU.Build.0 = Release|Any CPU
		{81C52F98-3E75-494F-BE21-11537EFE0587}.Debug|Any CPU.ActiveCfg = Debug|Any CPU
		{81C52F98-3E75-494F-BE21-11537EFE0587}.Debug|Any CPU.Build.0 = Debug|Any CPU
		{81C52F98-3E75-494F-BE21-11537EFE0587}.Release|Any CPU.ActiveCfg = Release|Any CPU
		{81C52F98-3E75-494F-BE21-11537EFE0587}.Release|Any CPU.Build.0 = Release|Any CPU
		{5DFA4422-0E9C-4616-89F0-341B9F37BA43}.Debug|Any CPU.ActiveCfg = Debug|Any CPU
		{5DFA4422-0E9C-4616-89F0-341B9F37BA43}.Debug|Any CPU.Build.0 = Debug|Any CPU
		{5DFA4422-0E9C-4616-89F0-341B9F37BA43}.Release|Any CPU.ActiveCfg = Release|Any CPU
		{5DFA4422-0E9C-4616-89F0-341B9F37BA43}.Release|Any CPU.Build.0 = Release|Any CPU
		{A4A2816E-19A4-48C5-9DFD-CEAA44BD9F6C}.Debug|Any CPU.ActiveCfg = Debug|Any CPU
		{A4A2816E-19A4-48C5-9DFD-CEAA44BD9F6C}.Debug|Any CPU.Build.0 = Debug|Any CPU
		{A4A2816E-19A4-48C5-9DFD-CEAA44BD9F6C}.Release|Any CPU.ActiveCfg = Release|Any CPU
		{A4A2816E-19A4-48C5-9DFD-CEAA44BD9F6C}.Release|Any CPU.Build.0 = Release|Any CPU
		{D659EAFC-3D16-42B9-8663-25261796989D}.Debug|Any CPU.ActiveCfg = Debug|Any CPU
		{D659EAFC-3D16-42B9-8663-25261796989D}.Debug|Any CPU.Build.0 = Debug|Any CPU
		{D659EAFC-3D16-42B9-8663-25261796989D}.Release|Any CPU.ActiveCfg = Release|Any CPU
		{D659EAFC-3D16-42B9-8663-25261796989D}.Release|Any CPU.Build.0 = Release|Any CPU
		{B67F4072-C48E-4028-97D3-6EDD8882E48F}.Debug|Any CPU.ActiveCfg = Debug|Any CPU
		{B67F4072-C48E-4028-97D3-6EDD8882E48F}.Debug|Any CPU.Build.0 = Debug|Any CPU
		{B67F4072-C48E-4028-97D3-6EDD8882E48F}.Release|Any CPU.ActiveCfg = Release|Any CPU
		{B67F4072-C48E-4028-97D3-6EDD8882E48F}.Release|Any CPU.Build.0 = Release|Any CPU
		{0E398FE6-E4B7-4292-807A-2A2490F17334}.Debug|Any CPU.ActiveCfg = Debug|Any CPU
		{0E398FE6-E4B7-4292-807A-2A2490F17334}.Debug|Any CPU.Build.0 = Debug|Any CPU
		{0E398FE6-E4B7-4292-807A-2A2490F17334}.Release|Any CPU.ActiveCfg = Release|Any CPU
		{0E398FE6-E4B7-4292-807A-2A2490F17334}.Release|Any CPU.Build.0 = Release|Any CPU
		{F645F80D-7981-453E-9CFF-AAE03FB03146}.Debug|Any CPU.ActiveCfg = Debug|Any CPU
		{F645F80D-7981-453E-9CFF-AAE03FB03146}.Debug|Any CPU.Build.0 = Debug|Any CPU
		{F645F80D-7981-453E-9CFF-AAE03FB03146}.Release|Any CPU.ActiveCfg = Release|Any CPU
		{F645F80D-7981-453E-9CFF-AAE03FB03146}.Release|Any CPU.Build.0 = Release|Any CPU
		{28E6BD65-4480-4521-8795-36AB664858AC}.Debug|Any CPU.ActiveCfg = Debug|Any CPU
		{28E6BD65-4480-4521-8795-36AB664858AC}.Debug|Any CPU.Build.0 = Debug|Any CPU
		{28E6BD65-4480-4521-8795-36AB664858AC}.Release|Any CPU.ActiveCfg = Release|Any CPU
		{28E6BD65-4480-4521-8795-36AB664858AC}.Release|Any CPU.Build.0 = Release|Any CPU
		{355E8E61-9E8F-4FB3-B33D-5E887606DDC3}.Debug|Any CPU.ActiveCfg = Debug|Any CPU
		{355E8E61-9E8F-4FB3-B33D-5E887606DDC3}.Debug|Any CPU.Build.0 = Debug|Any CPU
		{355E8E61-9E8F-4FB3-B33D-5E887606DDC3}.Release|Any CPU.ActiveCfg = Release|Any CPU
		{355E8E61-9E8F-4FB3-B33D-5E887606DDC3}.Release|Any CPU.Build.0 = Release|Any CPU
		{D55A3B1E-0606-4CC9-965C-D44F67FFFE35}.Debug|Any CPU.ActiveCfg = Debug|Any CPU
		{D55A3B1E-0606-4CC9-965C-D44F67FFFE35}.Debug|Any CPU.Build.0 = Debug|Any CPU
		{D55A3B1E-0606-4CC9-965C-D44F67FFFE35}.Release|Any CPU.ActiveCfg = Release|Any CPU
		{D55A3B1E-0606-4CC9-965C-D44F67FFFE35}.Release|Any CPU.Build.0 = Release|Any CPU
		{976B44EC-DD8D-4C93-95F7-8E3EA85E132C}.Debug|Any CPU.ActiveCfg = Debug|Any CPU
		{976B44EC-DD8D-4C93-95F7-8E3EA85E132C}.Debug|Any CPU.Build.0 = Debug|Any CPU
		{976B44EC-DD8D-4C93-95F7-8E3EA85E132C}.Release|Any CPU.ActiveCfg = Release|Any CPU
		{976B44EC-DD8D-4C93-95F7-8E3EA85E132C}.Release|Any CPU.Build.0 = Release|Any CPU
		{1BF26852-EC51-4E56-8B7A-87B4B96759C4}.Debug|Any CPU.ActiveCfg = Debug|Any CPU
		{1BF26852-EC51-4E56-8B7A-87B4B96759C4}.Debug|Any CPU.Build.0 = Debug|Any CPU
		{1BF26852-EC51-4E56-8B7A-87B4B96759C4}.Release|Any CPU.ActiveCfg = Release|Any CPU
		{1BF26852-EC51-4E56-8B7A-87B4B96759C4}.Release|Any CPU.Build.0 = Release|Any CPU
		{A7C76FA9-E5FA-4E74-B6D5-D39C486F11D7}.Debug|Any CPU.ActiveCfg = Debug|Any CPU
		{A7C76FA9-E5FA-4E74-B6D5-D39C486F11D7}.Debug|Any CPU.Build.0 = Debug|Any CPU
		{A7C76FA9-E5FA-4E74-B6D5-D39C486F11D7}.Release|Any CPU.ActiveCfg = Release|Any CPU
		{A7C76FA9-E5FA-4E74-B6D5-D39C486F11D7}.Release|Any CPU.Build.0 = Release|Any CPU
		{C8AB7B15-0576-43EF-9440-7A556BE95E0D}.Debug|Any CPU.ActiveCfg = Debug|Any CPU
		{C8AB7B15-0576-43EF-9440-7A556BE95E0D}.Debug|Any CPU.Build.0 = Debug|Any CPU
		{C8AB7B15-0576-43EF-9440-7A556BE95E0D}.Release|Any CPU.ActiveCfg = Release|Any CPU
		{C8AB7B15-0576-43EF-9440-7A556BE95E0D}.Release|Any CPU.Build.0 = Release|Any CPU
		{353137FC-629A-4DC5-BBC3-CFD29067B91F}.Debug|Any CPU.ActiveCfg = Debug|Any CPU
		{353137FC-629A-4DC5-BBC3-CFD29067B91F}.Debug|Any CPU.Build.0 = Debug|Any CPU
		{353137FC-629A-4DC5-BBC3-CFD29067B91F}.Release|Any CPU.ActiveCfg = Release|Any CPU
		{353137FC-629A-4DC5-BBC3-CFD29067B91F}.Release|Any CPU.Build.0 = Release|Any CPU
		{DEA6E068-114E-49AE-8658-35BC22848603}.Debug|Any CPU.ActiveCfg = Debug|Any CPU
		{DEA6E068-114E-49AE-8658-35BC22848603}.Debug|Any CPU.Build.0 = Debug|Any CPU
		{DEA6E068-114E-49AE-8658-35BC22848603}.Release|Any CPU.ActiveCfg = Release|Any CPU
		{DEA6E068-114E-49AE-8658-35BC22848603}.Release|Any CPU.Build.0 = Release|Any CPU
		{9469E6F9-B689-45B7-858B-6A0A912B226E}.Debug|Any CPU.ActiveCfg = Debug|Any CPU
		{9469E6F9-B689-45B7-858B-6A0A912B226E}.Debug|Any CPU.Build.0 = Debug|Any CPU
		{9469E6F9-B689-45B7-858B-6A0A912B226E}.Release|Any CPU.ActiveCfg = Release|Any CPU
		{9469E6F9-B689-45B7-858B-6A0A912B226E}.Release|Any CPU.Build.0 = Release|Any CPU
		{CE62B48B-DF6B-4C09-A78F-D0832057A5F1}.Debug|Any CPU.ActiveCfg = Debug|Any CPU
		{CE62B48B-DF6B-4C09-A78F-D0832057A5F1}.Debug|Any CPU.Build.0 = Debug|Any CPU
		{CE62B48B-DF6B-4C09-A78F-D0832057A5F1}.Release|Any CPU.ActiveCfg = Release|Any CPU
		{CE62B48B-DF6B-4C09-A78F-D0832057A5F1}.Release|Any CPU.Build.0 = Release|Any CPU
		{FC95DD1D-6B80-402E-8C55-04E09416B537}.Debug|Any CPU.ActiveCfg = Debug|Any CPU
		{FC95DD1D-6B80-402E-8C55-04E09416B537}.Debug|Any CPU.Build.0 = Debug|Any CPU
		{FC95DD1D-6B80-402E-8C55-04E09416B537}.Release|Any CPU.ActiveCfg = Release|Any CPU
		{FC95DD1D-6B80-402E-8C55-04E09416B537}.Release|Any CPU.Build.0 = Release|Any CPU
		{0485FBF3-1145-4460-AC24-7EEF7CA15133}.Debug|Any CPU.ActiveCfg = Debug|Any CPU
		{0485FBF3-1145-4460-AC24-7EEF7CA15133}.Debug|Any CPU.Build.0 = Debug|Any CPU
		{0485FBF3-1145-4460-AC24-7EEF7CA15133}.Release|Any CPU.ActiveCfg = Release|Any CPU
		{0485FBF3-1145-4460-AC24-7EEF7CA15133}.Release|Any CPU.Build.0 = Release|Any CPU
		{E81B6BC4-7B2E-4134-8234-DD6384F18461}.Debug|Any CPU.ActiveCfg = Debug|Any CPU
		{E81B6BC4-7B2E-4134-8234-DD6384F18461}.Debug|Any CPU.Build.0 = Debug|Any CPU
		{E81B6BC4-7B2E-4134-8234-DD6384F18461}.Release|Any CPU.ActiveCfg = Release|Any CPU
		{E81B6BC4-7B2E-4134-8234-DD6384F18461}.Release|Any CPU.Build.0 = Release|Any CPU
		{8C0B1FC7-6D15-461B-9624-CD1C2A0B6083}.Debug|Any CPU.ActiveCfg = Debug|Any CPU
		{8C0B1FC7-6D15-461B-9624-CD1C2A0B6083}.Debug|Any CPU.Build.0 = Debug|Any CPU
		{8C0B1FC7-6D15-461B-9624-CD1C2A0B6083}.Release|Any CPU.ActiveCfg = Release|Any CPU
		{8C0B1FC7-6D15-461B-9624-CD1C2A0B6083}.Release|Any CPU.Build.0 = Release|Any CPU
		{E2CB5F03-062F-4F20-8862-979846F48807}.Debug|Any CPU.ActiveCfg = Debug|Any CPU
		{E2CB5F03-062F-4F20-8862-979846F48807}.Debug|Any CPU.Build.0 = Debug|Any CPU
		{E2CB5F03-062F-4F20-8862-979846F48807}.Release|Any CPU.ActiveCfg = Release|Any CPU
		{E2CB5F03-062F-4F20-8862-979846F48807}.Release|Any CPU.Build.0 = Release|Any CPU
		{69C5058E-C0F3-446D-8088-61B82218EE85}.Debug|Any CPU.ActiveCfg = Debug|Any CPU
		{69C5058E-C0F3-446D-8088-61B82218EE85}.Debug|Any CPU.Build.0 = Debug|Any CPU
		{69C5058E-C0F3-446D-8088-61B82218EE85}.Release|Any CPU.ActiveCfg = Release|Any CPU
		{69C5058E-C0F3-446D-8088-61B82218EE85}.Release|Any CPU.Build.0 = Release|Any CPU
		{38567761-73D4-4492-B73B-20F033A231F8}.Debug|Any CPU.ActiveCfg = Debug|Any CPU
		{38567761-73D4-4492-B73B-20F033A231F8}.Debug|Any CPU.Build.0 = Debug|Any CPU
		{38567761-73D4-4492-B73B-20F033A231F8}.Release|Any CPU.ActiveCfg = Release|Any CPU
		{38567761-73D4-4492-B73B-20F033A231F8}.Release|Any CPU.Build.0 = Release|Any CPU
		{AD19D02C-6BCD-42B9-A79D-6A998089A138}.Debug|Any CPU.ActiveCfg = Debug|Any CPU
		{AD19D02C-6BCD-42B9-A79D-6A998089A138}.Debug|Any CPU.Build.0 = Debug|Any CPU
		{AD19D02C-6BCD-42B9-A79D-6A998089A138}.Release|Any CPU.ActiveCfg = Release|Any CPU
		{AD19D02C-6BCD-42B9-A79D-6A998089A138}.Release|Any CPU.Build.0 = Release|Any CPU
		{CD6305FF-7F81-4CAF-8763-6D58C2018C30}.Debug|Any CPU.ActiveCfg = Debug|Any CPU
		{CD6305FF-7F81-4CAF-8763-6D58C2018C30}.Debug|Any CPU.Build.0 = Debug|Any CPU
		{CD6305FF-7F81-4CAF-8763-6D58C2018C30}.Release|Any CPU.ActiveCfg = Release|Any CPU
		{CD6305FF-7F81-4CAF-8763-6D58C2018C30}.Release|Any CPU.Build.0 = Release|Any CPU
		{93588BCB-8C2E-4FD2-93BB-5176A06A2D53}.Debug|Any CPU.ActiveCfg = Debug|Any CPU
		{93588BCB-8C2E-4FD2-93BB-5176A06A2D53}.Debug|Any CPU.Build.0 = Debug|Any CPU
		{93588BCB-8C2E-4FD2-93BB-5176A06A2D53}.Release|Any CPU.ActiveCfg = Release|Any CPU
		{93588BCB-8C2E-4FD2-93BB-5176A06A2D53}.Release|Any CPU.Build.0 = Release|Any CPU
		{9DD16CB7-AE7D-4FA1-9835-D7C613B554BF}.Debug|Any CPU.ActiveCfg = Debug|Any CPU
		{9DD16CB7-AE7D-4FA1-9835-D7C613B554BF}.Debug|Any CPU.Build.0 = Debug|Any CPU
		{9DD16CB7-AE7D-4FA1-9835-D7C613B554BF}.Release|Any CPU.ActiveCfg = Release|Any CPU
		{9DD16CB7-AE7D-4FA1-9835-D7C613B554BF}.Release|Any CPU.Build.0 = Release|Any CPU
		{D41C4FA4-64AF-4AF4-AABA-C9F477F9FF19}.Debug|Any CPU.ActiveCfg = Debug|Any CPU
		{D41C4FA4-64AF-4AF4-AABA-C9F477F9FF19}.Debug|Any CPU.Build.0 = Debug|Any CPU
		{D41C4FA4-64AF-4AF4-AABA-C9F477F9FF19}.Release|Any CPU.ActiveCfg = Release|Any CPU
		{D41C4FA4-64AF-4AF4-AABA-C9F477F9FF19}.Release|Any CPU.Build.0 = Release|Any CPU
		{F2B29F1A-90EA-4A3F-A701-7208655FCDE4}.Debug|Any CPU.ActiveCfg = Debug|Any CPU
		{F2B29F1A-90EA-4A3F-A701-7208655FCDE4}.Debug|Any CPU.Build.0 = Debug|Any CPU
		{F2B29F1A-90EA-4A3F-A701-7208655FCDE4}.Release|Any CPU.ActiveCfg = Release|Any CPU
		{F2B29F1A-90EA-4A3F-A701-7208655FCDE4}.Release|Any CPU.Build.0 = Release|Any CPU
		{AA655DF6-D163-4A8A-903D-7273CA337B78}.Debug|Any CPU.ActiveCfg = Debug|Any CPU
		{AA655DF6-D163-4A8A-903D-7273CA337B78}.Debug|Any CPU.Build.0 = Debug|Any CPU
		{AA655DF6-D163-4A8A-903D-7273CA337B78}.Release|Any CPU.ActiveCfg = Release|Any CPU
		{AA655DF6-D163-4A8A-903D-7273CA337B78}.Release|Any CPU.Build.0 = Release|Any CPU
		{5B00129D-579B-4890-80F9-7C89CD7F41E4}.Debug|Any CPU.ActiveCfg = Debug|Any CPU
		{5B00129D-579B-4890-80F9-7C89CD7F41E4}.Debug|Any CPU.Build.0 = Debug|Any CPU
		{5B00129D-579B-4890-80F9-7C89CD7F41E4}.Release|Any CPU.ActiveCfg = Release|Any CPU
		{5B00129D-579B-4890-80F9-7C89CD7F41E4}.Release|Any CPU.Build.0 = Release|Any CPU
		{F252219A-C91C-448C-9F8B-69A1EB40CEF1}.Debug|Any CPU.ActiveCfg = Debug|Any CPU
		{F252219A-C91C-448C-9F8B-69A1EB40CEF1}.Debug|Any CPU.Build.0 = Debug|Any CPU
		{F252219A-C91C-448C-9F8B-69A1EB40CEF1}.Release|Any CPU.ActiveCfg = Release|Any CPU
		{F252219A-C91C-448C-9F8B-69A1EB40CEF1}.Release|Any CPU.Build.0 = Release|Any CPU
		{A71A933F-4B93-4FF8-BE22-B6B4CF51D1F7}.Debug|Any CPU.ActiveCfg = Debug|Any CPU
		{A71A933F-4B93-4FF8-BE22-B6B4CF51D1F7}.Debug|Any CPU.Build.0 = Debug|Any CPU
		{A71A933F-4B93-4FF8-BE22-B6B4CF51D1F7}.Release|Any CPU.ActiveCfg = Release|Any CPU
		{A71A933F-4B93-4FF8-BE22-B6B4CF51D1F7}.Release|Any CPU.Build.0 = Release|Any CPU
		{855B356E-EA6E-4930-B779-A044920DEFC2}.Debug|Any CPU.ActiveCfg = Debug|Any CPU
		{855B356E-EA6E-4930-B779-A044920DEFC2}.Debug|Any CPU.Build.0 = Debug|Any CPU
		{855B356E-EA6E-4930-B779-A044920DEFC2}.Release|Any CPU.ActiveCfg = Release|Any CPU
		{855B356E-EA6E-4930-B779-A044920DEFC2}.Release|Any CPU.Build.0 = Release|Any CPU
		{889B3DC8-57D2-4418-8A10-789C767079B2}.Debug|Any CPU.ActiveCfg = Debug|Any CPU
		{889B3DC8-57D2-4418-8A10-789C767079B2}.Debug|Any CPU.Build.0 = Debug|Any CPU
		{889B3DC8-57D2-4418-8A10-789C767079B2}.Release|Any CPU.ActiveCfg = Release|Any CPU
		{889B3DC8-57D2-4418-8A10-789C767079B2}.Release|Any CPU.Build.0 = Release|Any CPU
		{AD0184DF-7EE8-4659-8AF0-FFD4795DB749}.Debug|Any CPU.ActiveCfg = Debug|Any CPU
		{AD0184DF-7EE8-4659-8AF0-FFD4795DB749}.Debug|Any CPU.Build.0 = Debug|Any CPU
		{AD0184DF-7EE8-4659-8AF0-FFD4795DB749}.Release|Any CPU.ActiveCfg = Release|Any CPU
		{AD0184DF-7EE8-4659-8AF0-FFD4795DB749}.Release|Any CPU.Build.0 = Release|Any CPU
		{4CFDD74B-3CD2-493E-A86B-8BAF9D63C611}.Debug|Any CPU.ActiveCfg = Debug|Any CPU
		{4CFDD74B-3CD2-493E-A86B-8BAF9D63C611}.Debug|Any CPU.Build.0 = Debug|Any CPU
		{4CFDD74B-3CD2-493E-A86B-8BAF9D63C611}.Release|Any CPU.ActiveCfg = Release|Any CPU
		{4CFDD74B-3CD2-493E-A86B-8BAF9D63C611}.Release|Any CPU.Build.0 = Release|Any CPU
		{F7568B7D-C787-451A-A75F-BD09926B4452}.Debug|Any CPU.ActiveCfg = Debug|Any CPU
		{F7568B7D-C787-451A-A75F-BD09926B4452}.Debug|Any CPU.Build.0 = Debug|Any CPU
		{F7568B7D-C787-451A-A75F-BD09926B4452}.Release|Any CPU.ActiveCfg = Release|Any CPU
		{F7568B7D-C787-451A-A75F-BD09926B4452}.Release|Any CPU.Build.0 = Release|Any CPU
		{13F011FF-0220-4103-B4DF-A9FEF72F539F}.Debug|Any CPU.ActiveCfg = Debug|Any CPU
		{13F011FF-0220-4103-B4DF-A9FEF72F539F}.Debug|Any CPU.Build.0 = Debug|Any CPU
		{13F011FF-0220-4103-B4DF-A9FEF72F539F}.Release|Any CPU.ActiveCfg = Release|Any CPU
		{13F011FF-0220-4103-B4DF-A9FEF72F539F}.Release|Any CPU.Build.0 = Release|Any CPU
		{FBFAA787-A93C-4F85-9387-61A12B8EC5B4}.Debug|Any CPU.ActiveCfg = Debug|Any CPU
		{FBFAA787-A93C-4F85-9387-61A12B8EC5B4}.Debug|Any CPU.Build.0 = Debug|Any CPU
		{FBFAA787-A93C-4F85-9387-61A12B8EC5B4}.Release|Any CPU.ActiveCfg = Release|Any CPU
		{FBFAA787-A93C-4F85-9387-61A12B8EC5B4}.Release|Any CPU.Build.0 = Release|Any CPU
		{BFDA7C44-25BD-4D68-9D36-91A586BF52ED}.Debug|Any CPU.ActiveCfg = Debug|Any CPU
		{BFDA7C44-25BD-4D68-9D36-91A586BF52ED}.Debug|Any CPU.Build.0 = Debug|Any CPU
		{BFDA7C44-25BD-4D68-9D36-91A586BF52ED}.Release|Any CPU.ActiveCfg = Release|Any CPU
		{BFDA7C44-25BD-4D68-9D36-91A586BF52ED}.Release|Any CPU.Build.0 = Release|Any CPU
		{94557609-8273-4DB5-B027-C78B815E45C6}.Debug|Any CPU.ActiveCfg = Debug|Any CPU
		{94557609-8273-4DB5-B027-C78B815E45C6}.Debug|Any CPU.Build.0 = Debug|Any CPU
		{94557609-8273-4DB5-B027-C78B815E45C6}.Release|Any CPU.ActiveCfg = Release|Any CPU
		{94557609-8273-4DB5-B027-C78B815E45C6}.Release|Any CPU.Build.0 = Release|Any CPU
		{ABF45D57-184E-49CD-97E3-4487D623B66B}.Debug|Any CPU.ActiveCfg = Debug|Any CPU
		{ABF45D57-184E-49CD-97E3-4487D623B66B}.Debug|Any CPU.Build.0 = Debug|Any CPU
		{ABF45D57-184E-49CD-97E3-4487D623B66B}.Release|Any CPU.ActiveCfg = Release|Any CPU
		{ABF45D57-184E-49CD-97E3-4487D623B66B}.Release|Any CPU.Build.0 = Release|Any CPU
		{661ABC97-F7C8-47FD-BFB7-3F10810DEEA2}.Debug|Any CPU.ActiveCfg = Debug|Any CPU
		{661ABC97-F7C8-47FD-BFB7-3F10810DEEA2}.Debug|Any CPU.Build.0 = Debug|Any CPU
		{661ABC97-F7C8-47FD-BFB7-3F10810DEEA2}.Release|Any CPU.ActiveCfg = Release|Any CPU
		{661ABC97-F7C8-47FD-BFB7-3F10810DEEA2}.Release|Any CPU.Build.0 = Release|Any CPU
		{F0DDBC7B-060B-4F40-905C-960C40192F96}.Debug|Any CPU.ActiveCfg = Debug|Any CPU
		{F0DDBC7B-060B-4F40-905C-960C40192F96}.Debug|Any CPU.Build.0 = Debug|Any CPU
		{F0DDBC7B-060B-4F40-905C-960C40192F96}.Release|Any CPU.ActiveCfg = Release|Any CPU
		{F0DDBC7B-060B-4F40-905C-960C40192F96}.Release|Any CPU.Build.0 = Release|Any CPU
		{C9CAB895-172B-42C8-B001-307A2D957D35}.Debug|Any CPU.ActiveCfg = Debug|Any CPU
		{C9CAB895-172B-42C8-B001-307A2D957D35}.Debug|Any CPU.Build.0 = Debug|Any CPU
		{C9CAB895-172B-42C8-B001-307A2D957D35}.Release|Any CPU.ActiveCfg = Release|Any CPU
		{C9CAB895-172B-42C8-B001-307A2D957D35}.Release|Any CPU.Build.0 = Release|Any CPU
		{0B91A6CD-2302-4382-A27C-3E7DB2859ABA}.Debug|Any CPU.ActiveCfg = Debug|Any CPU
		{0B91A6CD-2302-4382-A27C-3E7DB2859ABA}.Debug|Any CPU.Build.0 = Debug|Any CPU
		{0B91A6CD-2302-4382-A27C-3E7DB2859ABA}.Release|Any CPU.ActiveCfg = Release|Any CPU
		{0B91A6CD-2302-4382-A27C-3E7DB2859ABA}.Release|Any CPU.Build.0 = Release|Any CPU
		{D05539E2-3809-4EDE-9C10-978B7D029D47}.Debug|Any CPU.ActiveCfg = Debug|Any CPU
		{D05539E2-3809-4EDE-9C10-978B7D029D47}.Debug|Any CPU.Build.0 = Debug|Any CPU
		{D05539E2-3809-4EDE-9C10-978B7D029D47}.Release|Any CPU.ActiveCfg = Release|Any CPU
		{D05539E2-3809-4EDE-9C10-978B7D029D47}.Release|Any CPU.Build.0 = Release|Any CPU
		{CD7E50A1-2D8F-4656-9444-D6052BE25D1A}.Debug|Any CPU.ActiveCfg = Debug|Any CPU
		{CD7E50A1-2D8F-4656-9444-D6052BE25D1A}.Debug|Any CPU.Build.0 = Debug|Any CPU
		{CD7E50A1-2D8F-4656-9444-D6052BE25D1A}.Release|Any CPU.ActiveCfg = Release|Any CPU
		{CD7E50A1-2D8F-4656-9444-D6052BE25D1A}.Release|Any CPU.Build.0 = Release|Any CPU
		{92F0814C-355D-4B6F-8432-F58DA9B500D6}.Debug|Any CPU.ActiveCfg = Debug|Any CPU
		{92F0814C-355D-4B6F-8432-F58DA9B500D6}.Debug|Any CPU.Build.0 = Debug|Any CPU
		{92F0814C-355D-4B6F-8432-F58DA9B500D6}.Release|Any CPU.ActiveCfg = Release|Any CPU
		{92F0814C-355D-4B6F-8432-F58DA9B500D6}.Release|Any CPU.Build.0 = Release|Any CPU
		{5E0C3CE0-9ABE-4C35-A926-4B2B8A1E4F7A}.Debug|Any CPU.ActiveCfg = Debug|Any CPU
		{5E0C3CE0-9ABE-4C35-A926-4B2B8A1E4F7A}.Debug|Any CPU.Build.0 = Debug|Any CPU
		{5E0C3CE0-9ABE-4C35-A926-4B2B8A1E4F7A}.Release|Any CPU.ActiveCfg = Release|Any CPU
		{5E0C3CE0-9ABE-4C35-A926-4B2B8A1E4F7A}.Release|Any CPU.Build.0 = Release|Any CPU
		{850327C6-B97F-43AC-8C6B-64C16EE156BF}.Debug|Any CPU.ActiveCfg = Debug|Any CPU
		{850327C6-B97F-43AC-8C6B-64C16EE156BF}.Debug|Any CPU.Build.0 = Debug|Any CPU
		{850327C6-B97F-43AC-8C6B-64C16EE156BF}.Release|Any CPU.ActiveCfg = Release|Any CPU
		{850327C6-B97F-43AC-8C6B-64C16EE156BF}.Release|Any CPU.Build.0 = Release|Any CPU
		{42B574F9-3B8D-4DF0-8FFA-792CA271FA1B}.Debug|Any CPU.ActiveCfg = Debug|Any CPU
		{42B574F9-3B8D-4DF0-8FFA-792CA271FA1B}.Debug|Any CPU.Build.0 = Debug|Any CPU
		{42B574F9-3B8D-4DF0-8FFA-792CA271FA1B}.Release|Any CPU.ActiveCfg = Release|Any CPU
		{42B574F9-3B8D-4DF0-8FFA-792CA271FA1B}.Release|Any CPU.Build.0 = Release|Any CPU
		{9AEF5972-2A38-43EE-94DD-0CBC1A4F2D0A}.Debug|Any CPU.ActiveCfg = Debug|Any CPU
		{9AEF5972-2A38-43EE-94DD-0CBC1A4F2D0A}.Debug|Any CPU.Build.0 = Debug|Any CPU
		{9AEF5972-2A38-43EE-94DD-0CBC1A4F2D0A}.Release|Any CPU.ActiveCfg = Release|Any CPU
		{9AEF5972-2A38-43EE-94DD-0CBC1A4F2D0A}.Release|Any CPU.Build.0 = Release|Any CPU
		{EF9C0637-71D2-4C6F-8EA2-36F5772B554F}.Debug|Any CPU.ActiveCfg = Debug|Any CPU
		{EF9C0637-71D2-4C6F-8EA2-36F5772B554F}.Debug|Any CPU.Build.0 = Debug|Any CPU
		{EF9C0637-71D2-4C6F-8EA2-36F5772B554F}.Release|Any CPU.ActiveCfg = Release|Any CPU
		{EF9C0637-71D2-4C6F-8EA2-36F5772B554F}.Release|Any CPU.Build.0 = Release|Any CPU
		{AD114ADD-AE7B-49BE-A675-0B2E1A2DE868}.Debug|Any CPU.ActiveCfg = Debug|Any CPU
		{AD114ADD-AE7B-49BE-A675-0B2E1A2DE868}.Debug|Any CPU.Build.0 = Debug|Any CPU
		{AD114ADD-AE7B-49BE-A675-0B2E1A2DE868}.Release|Any CPU.ActiveCfg = Release|Any CPU
		{AD114ADD-AE7B-49BE-A675-0B2E1A2DE868}.Release|Any CPU.Build.0 = Release|Any CPU
		{D006EFFD-8F01-47F4-809E-63811B419F5C}.Debug|Any CPU.ActiveCfg = Debug|Any CPU
		{D006EFFD-8F01-47F4-809E-63811B419F5C}.Debug|Any CPU.Build.0 = Debug|Any CPU
		{D006EFFD-8F01-47F4-809E-63811B419F5C}.Release|Any CPU.ActiveCfg = Release|Any CPU
		{D006EFFD-8F01-47F4-809E-63811B419F5C}.Release|Any CPU.Build.0 = Release|Any CPU
		{6EE59817-C424-4BF2-A374-23EF72B1C1F5}.Debug|Any CPU.ActiveCfg = Debug|Any CPU
		{6EE59817-C424-4BF2-A374-23EF72B1C1F5}.Debug|Any CPU.Build.0 = Debug|Any CPU
		{6EE59817-C424-4BF2-A374-23EF72B1C1F5}.Release|Any CPU.ActiveCfg = Release|Any CPU
		{6EE59817-C424-4BF2-A374-23EF72B1C1F5}.Release|Any CPU.Build.0 = Release|Any CPU
		{6D95B6B7-E04E-429B-856F-29E76F412A9D}.Debug|Any CPU.ActiveCfg = Debug|Any CPU
		{6D95B6B7-E04E-429B-856F-29E76F412A9D}.Debug|Any CPU.Build.0 = Debug|Any CPU
		{6D95B6B7-E04E-429B-856F-29E76F412A9D}.Release|Any CPU.ActiveCfg = Release|Any CPU
		{6D95B6B7-E04E-429B-856F-29E76F412A9D}.Release|Any CPU.Build.0 = Release|Any CPU
		{1692CF0D-B512-4766-8198-7197E045A1AA}.Debug|Any CPU.ActiveCfg = Debug|Any CPU
		{1692CF0D-B512-4766-8198-7197E045A1AA}.Debug|Any CPU.Build.0 = Debug|Any CPU
		{1692CF0D-B512-4766-8198-7197E045A1AA}.Release|Any CPU.ActiveCfg = Release|Any CPU
		{1692CF0D-B512-4766-8198-7197E045A1AA}.Release|Any CPU.Build.0 = Release|Any CPU
		{3BF077DA-30D5-410B-9182-2AC77C899845}.Debug|Any CPU.ActiveCfg = Debug|Any CPU
		{3BF077DA-30D5-410B-9182-2AC77C899845}.Debug|Any CPU.Build.0 = Debug|Any CPU
		{3BF077DA-30D5-410B-9182-2AC77C899845}.Release|Any CPU.ActiveCfg = Release|Any CPU
		{3BF077DA-30D5-410B-9182-2AC77C899845}.Release|Any CPU.Build.0 = Release|Any CPU
		{ED5A859A-8B63-48FB-A066-35D65FFE1AC8}.Debug|Any CPU.ActiveCfg = Debug|Any CPU
		{ED5A859A-8B63-48FB-A066-35D65FFE1AC8}.Debug|Any CPU.Build.0 = Debug|Any CPU
		{ED5A859A-8B63-48FB-A066-35D65FFE1AC8}.Release|Any CPU.ActiveCfg = Release|Any CPU
		{ED5A859A-8B63-48FB-A066-35D65FFE1AC8}.Release|Any CPU.Build.0 = Release|Any CPU
		{8AC316F9-20AC-41B9-B7CD-A3060A21BA18}.Debug|Any CPU.ActiveCfg = Debug|Any CPU
		{8AC316F9-20AC-41B9-B7CD-A3060A21BA18}.Debug|Any CPU.Build.0 = Debug|Any CPU
		{8AC316F9-20AC-41B9-B7CD-A3060A21BA18}.Release|Any CPU.ActiveCfg = Release|Any CPU
		{8AC316F9-20AC-41B9-B7CD-A3060A21BA18}.Release|Any CPU.Build.0 = Release|Any CPU
		{88E247E9-7360-49F6-BAB1-9513E34199EE}.Debug|Any CPU.ActiveCfg = Debug|Any CPU
		{88E247E9-7360-49F6-BAB1-9513E34199EE}.Debug|Any CPU.Build.0 = Debug|Any CPU
		{88E247E9-7360-49F6-BAB1-9513E34199EE}.Release|Any CPU.ActiveCfg = Release|Any CPU
		{88E247E9-7360-49F6-BAB1-9513E34199EE}.Release|Any CPU.Build.0 = Release|Any CPU
		{1CD01B0F-BCB8-4493-BD2B-EDEEDE099C20}.Debug|Any CPU.ActiveCfg = Debug|Any CPU
		{1CD01B0F-BCB8-4493-BD2B-EDEEDE099C20}.Debug|Any CPU.Build.0 = Debug|Any CPU
		{1CD01B0F-BCB8-4493-BD2B-EDEEDE099C20}.Release|Any CPU.ActiveCfg = Release|Any CPU
		{1CD01B0F-BCB8-4493-BD2B-EDEEDE099C20}.Release|Any CPU.Build.0 = Release|Any CPU
		{CF9773F3-355E-4AEE-9EC2-1099EEDD5C46}.Debug|Any CPU.ActiveCfg = Debug|Any CPU
		{CF9773F3-355E-4AEE-9EC2-1099EEDD5C46}.Debug|Any CPU.Build.0 = Debug|Any CPU
		{CF9773F3-355E-4AEE-9EC2-1099EEDD5C46}.Release|Any CPU.ActiveCfg = Release|Any CPU
		{CF9773F3-355E-4AEE-9EC2-1099EEDD5C46}.Release|Any CPU.Build.0 = Release|Any CPU
		{FE38A189-40E9-446E-83FF-BE44A0E63DB5}.Debug|Any CPU.ActiveCfg = Debug|Any CPU
		{FE38A189-40E9-446E-83FF-BE44A0E63DB5}.Debug|Any CPU.Build.0 = Debug|Any CPU
		{FE38A189-40E9-446E-83FF-BE44A0E63DB5}.Release|Any CPU.ActiveCfg = Release|Any CPU
		{FE38A189-40E9-446E-83FF-BE44A0E63DB5}.Release|Any CPU.Build.0 = Release|Any CPU
		{A9A3EF69-C9AC-41BB-A95D-14BDE31680EE}.Debug|Any CPU.ActiveCfg = Debug|Any CPU
		{A9A3EF69-C9AC-41BB-A95D-14BDE31680EE}.Debug|Any CPU.Build.0 = Debug|Any CPU
		{A9A3EF69-C9AC-41BB-A95D-14BDE31680EE}.Release|Any CPU.ActiveCfg = Release|Any CPU
		{A9A3EF69-C9AC-41BB-A95D-14BDE31680EE}.Release|Any CPU.Build.0 = Release|Any CPU
		{C205F730-E78D-4A35-8C2E-53E6B9B0EC12}.Debug|Any CPU.ActiveCfg = Debug|Any CPU
		{C205F730-E78D-4A35-8C2E-53E6B9B0EC12}.Debug|Any CPU.Build.0 = Debug|Any CPU
		{C205F730-E78D-4A35-8C2E-53E6B9B0EC12}.Release|Any CPU.ActiveCfg = Release|Any CPU
		{C205F730-E78D-4A35-8C2E-53E6B9B0EC12}.Release|Any CPU.Build.0 = Release|Any CPU
		{A22E8BCC-57B0-4D9A-AF35-E7E9E48C9953}.Debug|Any CPU.ActiveCfg = Debug|Any CPU
		{A22E8BCC-57B0-4D9A-AF35-E7E9E48C9953}.Debug|Any CPU.Build.0 = Debug|Any CPU
		{A22E8BCC-57B0-4D9A-AF35-E7E9E48C9953}.Release|Any CPU.ActiveCfg = Release|Any CPU
		{A22E8BCC-57B0-4D9A-AF35-E7E9E48C9953}.Release|Any CPU.Build.0 = Release|Any CPU
		{788A6540-CED9-41C5-816A-EE493FA10216}.Debug|Any CPU.ActiveCfg = Debug|Any CPU
		{788A6540-CED9-41C5-816A-EE493FA10216}.Debug|Any CPU.Build.0 = Debug|Any CPU
		{788A6540-CED9-41C5-816A-EE493FA10216}.Release|Any CPU.ActiveCfg = Release|Any CPU
		{788A6540-CED9-41C5-816A-EE493FA10216}.Release|Any CPU.Build.0 = Release|Any CPU
		{AC5324E4-A0DB-4943-8F17-C5E4694BCFDB}.Debug|Any CPU.ActiveCfg = Debug|Any CPU
		{AC5324E4-A0DB-4943-8F17-C5E4694BCFDB}.Debug|Any CPU.Build.0 = Debug|Any CPU
		{AC5324E4-A0DB-4943-8F17-C5E4694BCFDB}.Release|Any CPU.ActiveCfg = Release|Any CPU
		{AC5324E4-A0DB-4943-8F17-C5E4694BCFDB}.Release|Any CPU.Build.0 = Release|Any CPU
		{2C9909BE-CD3D-426E-9594-B0B200C95F3E}.Debug|Any CPU.ActiveCfg = Debug|Any CPU
		{2C9909BE-CD3D-426E-9594-B0B200C95F3E}.Debug|Any CPU.Build.0 = Debug|Any CPU
		{2C9909BE-CD3D-426E-9594-B0B200C95F3E}.Release|Any CPU.ActiveCfg = Release|Any CPU
		{2C9909BE-CD3D-426E-9594-B0B200C95F3E}.Release|Any CPU.Build.0 = Release|Any CPU
		{12911B9D-100B-494F-A03D-4CDC7FC19085}.Debug|Any CPU.ActiveCfg = Debug|Any CPU
		{12911B9D-100B-494F-A03D-4CDC7FC19085}.Debug|Any CPU.Build.0 = Debug|Any CPU
		{12911B9D-100B-494F-A03D-4CDC7FC19085}.Release|Any CPU.ActiveCfg = Release|Any CPU
		{12911B9D-100B-494F-A03D-4CDC7FC19085}.Release|Any CPU.Build.0 = Release|Any CPU
		{3FF16685-9624-49D1-A337-BFDBDFD79795}.Debug|Any CPU.ActiveCfg = Debug|Any CPU
		{3FF16685-9624-49D1-A337-BFDBDFD79795}.Debug|Any CPU.Build.0 = Debug|Any CPU
		{3FF16685-9624-49D1-A337-BFDBDFD79795}.Release|Any CPU.ActiveCfg = Release|Any CPU
		{3FF16685-9624-49D1-A337-BFDBDFD79795}.Release|Any CPU.Build.0 = Release|Any CPU
		{1EE6160E-110F-448C-81D1-0BA4A962B549}.Debug|Any CPU.ActiveCfg = Debug|Any CPU
		{1EE6160E-110F-448C-81D1-0BA4A962B549}.Debug|Any CPU.Build.0 = Debug|Any CPU
		{1EE6160E-110F-448C-81D1-0BA4A962B549}.Release|Any CPU.ActiveCfg = Release|Any CPU
		{1EE6160E-110F-448C-81D1-0BA4A962B549}.Release|Any CPU.Build.0 = Release|Any CPU
		{2CD91F92-8525-4A20-A148-95F70294C1EE}.Debug|Any CPU.ActiveCfg = Debug|Any CPU
		{2CD91F92-8525-4A20-A148-95F70294C1EE}.Debug|Any CPU.Build.0 = Debug|Any CPU
		{2CD91F92-8525-4A20-A148-95F70294C1EE}.Release|Any CPU.ActiveCfg = Release|Any CPU
		{2CD91F92-8525-4A20-A148-95F70294C1EE}.Release|Any CPU.Build.0 = Release|Any CPU
		{EDC256C3-3844-4C2A-857A-D8A35F6DE2CC}.Debug|Any CPU.ActiveCfg = Debug|Any CPU
		{EDC256C3-3844-4C2A-857A-D8A35F6DE2CC}.Debug|Any CPU.Build.0 = Debug|Any CPU
		{EDC256C3-3844-4C2A-857A-D8A35F6DE2CC}.Release|Any CPU.ActiveCfg = Release|Any CPU
		{EDC256C3-3844-4C2A-857A-D8A35F6DE2CC}.Release|Any CPU.Build.0 = Release|Any CPU
	EndGlobalSection
	GlobalSection(SolutionProperties) = preSolution
		HideSolutionNode = FALSE
	EndGlobalSection
	GlobalSection(NestedProjects) = preSolution
		{F9B44D33-E8A3-4F40-B3E1-1D4F12839A30} = {9484F5BB-EC84-482D-B2FF-DF894E7BCB84}
		{81C52F98-3E75-494F-BE21-11537EFE0587} = {D7696EDB-9B61-46A5-9A56-356763F8FE1F}
		{5DFA4422-0E9C-4616-89F0-341B9F37BA43} = {D7696EDB-9B61-46A5-9A56-356763F8FE1F}
		{A4A2816E-19A4-48C5-9DFD-CEAA44BD9F6C} = {D7696EDB-9B61-46A5-9A56-356763F8FE1F}
		{D659EAFC-3D16-42B9-8663-25261796989D} = {D7696EDB-9B61-46A5-9A56-356763F8FE1F}
		{B67F4072-C48E-4028-97D3-6EDD8882E48F} = {5507722C-E3B6-48AD-B1BC-0B73689BD3E8}
		{0E398FE6-E4B7-4292-807A-2A2490F17334} = {5507722C-E3B6-48AD-B1BC-0B73689BD3E8}
		{F645F80D-7981-453E-9CFF-AAE03FB03146} = {5507722C-E3B6-48AD-B1BC-0B73689BD3E8}
		{28E6BD65-4480-4521-8795-36AB664858AC} = {5507722C-E3B6-48AD-B1BC-0B73689BD3E8}
		{355E8E61-9E8F-4FB3-B33D-5E887606DDC3} = {6D6C8BE1-6157-4550-84DB-40B74D6C24DB}
		{D55A3B1E-0606-4CC9-965C-D44F67FFFE35} = {6D6C8BE1-6157-4550-84DB-40B74D6C24DB}
		{976B44EC-DD8D-4C93-95F7-8E3EA85E132C} = {6D6C8BE1-6157-4550-84DB-40B74D6C24DB}
		{1BF26852-EC51-4E56-8B7A-87B4B96759C4} = {6D6C8BE1-6157-4550-84DB-40B74D6C24DB}
		{A7C76FA9-E5FA-4E74-B6D5-D39C486F11D7} = {AD945E15-F067-4679-99DA-D3CB625BEB3D}
		{C8AB7B15-0576-43EF-9440-7A556BE95E0D} = {AD945E15-F067-4679-99DA-D3CB625BEB3D}
		{353137FC-629A-4DC5-BBC3-CFD29067B91F} = {AD945E15-F067-4679-99DA-D3CB625BEB3D}
		{DEA6E068-114E-49AE-8658-35BC22848603} = {1E4F181F-4748-46D9-92B3-8734C47734EB}
		{9469E6F9-B689-45B7-858B-6A0A912B226E} = {1E4F181F-4748-46D9-92B3-8734C47734EB}
		{CE62B48B-DF6B-4C09-A78F-D0832057A5F1} = {1E4F181F-4748-46D9-92B3-8734C47734EB}
		{FC95DD1D-6B80-402E-8C55-04E09416B537} = {1E4F181F-4748-46D9-92B3-8734C47734EB}
		{0485FBF3-1145-4460-AC24-7EEF7CA15133} = {1E4F181F-4748-46D9-92B3-8734C47734EB}
		{E81B6BC4-7B2E-4134-8234-DD6384F18461} = {1E4F181F-4748-46D9-92B3-8734C47734EB}
		{8C0B1FC7-6D15-461B-9624-CD1C2A0B6083} = {1E4F181F-4748-46D9-92B3-8734C47734EB}
		{E2CB5F03-062F-4F20-8862-979846F48807} = {AA7E844E-6A90-45C2-B1AB-4747CF32ADB1}
		{69C5058E-C0F3-446D-8088-61B82218EE85} = {AA7E844E-6A90-45C2-B1AB-4747CF32ADB1}
		{38567761-73D4-4492-B73B-20F033A231F8} = {AA7E844E-6A90-45C2-B1AB-4747CF32ADB1}
		{AD19D02C-6BCD-42B9-A79D-6A998089A138} = {AA7E844E-6A90-45C2-B1AB-4747CF32ADB1}
		{CD6305FF-7F81-4CAF-8763-6D58C2018C30} = {06814746-26FA-47A0-A5C5-95469D3DFC7D}
		{2F30E6B1-813B-4254-A022-D84E6FD09833} = {06814746-26FA-47A0-A5C5-95469D3DFC7D}
		{93588BCB-8C2E-4FD2-93BB-5176A06A2D53} = {2F30E6B1-813B-4254-A022-D84E6FD09833}
		{D80E27DA-7B33-4AC5-8D88-FF821A245128} = {88043859-169E-4519-9383-CBE46DE7F0FC}
		{9DD16CB7-AE7D-4FA1-9835-D7C613B554BF} = {D80E27DA-7B33-4AC5-8D88-FF821A245128}
		{D41C4FA4-64AF-4AF4-AABA-C9F477F9FF19} = {D80E27DA-7B33-4AC5-8D88-FF821A245128}
		{9A808AB0-79DB-4F1D-A78F-C10D9028F882} = {06814746-26FA-47A0-A5C5-95469D3DFC7D}
		{F2B29F1A-90EA-4A3F-A701-7208655FCDE4} = {9A808AB0-79DB-4F1D-A78F-C10D9028F882}
		{AA655DF6-D163-4A8A-903D-7273CA337B78} = {D80E27DA-7B33-4AC5-8D88-FF821A245128}
		{99594D7B-12F9-4E2B-BDAF-E349DA7B83EE} = {88043859-169E-4519-9383-CBE46DE7F0FC}
		{5B00129D-579B-4890-80F9-7C89CD7F41E4} = {99594D7B-12F9-4E2B-BDAF-E349DA7B83EE}
		{C2E871A6-68EF-4F81-B5C0-58B5CEBD4E1B} = {88043859-169E-4519-9383-CBE46DE7F0FC}
		{F252219A-C91C-448C-9F8B-69A1EB40CEF1} = {C2E871A6-68EF-4F81-B5C0-58B5CEBD4E1B}
		{A71A933F-4B93-4FF8-BE22-B6B4CF51D1F7} = {C2E871A6-68EF-4F81-B5C0-58B5CEBD4E1B}
		{855B356E-EA6E-4930-B779-A044920DEFC2} = {C2E871A6-68EF-4F81-B5C0-58B5CEBD4E1B}
		{889B3DC8-57D2-4418-8A10-789C767079B2} = {C2E871A6-68EF-4F81-B5C0-58B5CEBD4E1B}
		{FD0CEDE4-5B44-47EE-840C-5F97377357BD} = {88043859-169E-4519-9383-CBE46DE7F0FC}
		{AD0184DF-7EE8-4659-8AF0-FFD4795DB749} = {FD0CEDE4-5B44-47EE-840C-5F97377357BD}
		{4CFDD74B-3CD2-493E-A86B-8BAF9D63C611} = {FD0CEDE4-5B44-47EE-840C-5F97377357BD}
		{F7568B7D-C787-451A-A75F-BD09926B4452} = {FD0CEDE4-5B44-47EE-840C-5F97377357BD}
		{13F011FF-0220-4103-B4DF-A9FEF72F539F} = {FD0CEDE4-5B44-47EE-840C-5F97377357BD}
		{1C304371-622D-4330-B976-FB750C57A5A0} = {88043859-169E-4519-9383-CBE46DE7F0FC}
		{FBFAA787-A93C-4F85-9387-61A12B8EC5B4} = {1C304371-622D-4330-B976-FB750C57A5A0}
		{BFDA7C44-25BD-4D68-9D36-91A586BF52ED} = {1C304371-622D-4330-B976-FB750C57A5A0}
		{94557609-8273-4DB5-B027-C78B815E45C6} = {1C304371-622D-4330-B976-FB750C57A5A0}
		{ABF45D57-184E-49CD-97E3-4487D623B66B} = {1C304371-622D-4330-B976-FB750C57A5A0}
		{836B838B-4BBA-413A-A0F6-FDFF7DBDBD66} = {88043859-169E-4519-9383-CBE46DE7F0FC}
		{661ABC97-F7C8-47FD-BFB7-3F10810DEEA2} = {836B838B-4BBA-413A-A0F6-FDFF7DBDBD66}
		{F0DDBC7B-060B-4F40-905C-960C40192F96} = {836B838B-4BBA-413A-A0F6-FDFF7DBDBD66}
		{C9CAB895-172B-42C8-B001-307A2D957D35} = {836B838B-4BBA-413A-A0F6-FDFF7DBDBD66}
		{08F92FF8-18B2-4090-A06F-50F50F6E8F96} = {88043859-169E-4519-9383-CBE46DE7F0FC}
		{0B91A6CD-2302-4382-A27C-3E7DB2859ABA} = {08F92FF8-18B2-4090-A06F-50F50F6E8F96}
		{D05539E2-3809-4EDE-9C10-978B7D029D47} = {08F92FF8-18B2-4090-A06F-50F50F6E8F96}
		{CD7E50A1-2D8F-4656-9444-D6052BE25D1A} = {08F92FF8-18B2-4090-A06F-50F50F6E8F96}
		{92F0814C-355D-4B6F-8432-F58DA9B500D6} = {08F92FF8-18B2-4090-A06F-50F50F6E8F96}
		{5E0C3CE0-9ABE-4C35-A926-4B2B8A1E4F7A} = {08F92FF8-18B2-4090-A06F-50F50F6E8F96}
		{850327C6-B97F-43AC-8C6B-64C16EE156BF} = {08F92FF8-18B2-4090-A06F-50F50F6E8F96}
		{42B574F9-3B8D-4DF0-8FFA-792CA271FA1B} = {08F92FF8-18B2-4090-A06F-50F50F6E8F96}
		{40B6F585-DAFC-4706-9DA4-14F99D6344BC} = {88043859-169E-4519-9383-CBE46DE7F0FC}
		{9AEF5972-2A38-43EE-94DD-0CBC1A4F2D0A} = {40B6F585-DAFC-4706-9DA4-14F99D6344BC}
		{EF9C0637-71D2-4C6F-8EA2-36F5772B554F} = {40B6F585-DAFC-4706-9DA4-14F99D6344BC}
		{AD114ADD-AE7B-49BE-A675-0B2E1A2DE868} = {40B6F585-DAFC-4706-9DA4-14F99D6344BC}
		{D006EFFD-8F01-47F4-809E-63811B419F5C} = {40B6F585-DAFC-4706-9DA4-14F99D6344BC}
		{4C1992A9-59ED-4447-B89C-25BBDB2DA606} = {88043859-169E-4519-9383-CBE46DE7F0FC}
		{6EE59817-C424-4BF2-A374-23EF72B1C1F5} = {4C1992A9-59ED-4447-B89C-25BBDB2DA606}
		{FF996691-7B51-4AB9-A9D2-6DF428858561} = {06814746-26FA-47A0-A5C5-95469D3DFC7D}
		{6D95B6B7-E04E-429B-856F-29E76F412A9D} = {4C1992A9-59ED-4447-B89C-25BBDB2DA606}
		{5065C53F-922E-4763-B165-4D22BA246A3C} = {88043859-169E-4519-9383-CBE46DE7F0FC}
		{1692CF0D-B512-4766-8198-7197E045A1AA} = {5065C53F-922E-4763-B165-4D22BA246A3C}
		{3BF077DA-30D5-410B-9182-2AC77C899845} = {2F30E6B1-813B-4254-A022-D84E6FD09833}
		{ED5A859A-8B63-48FB-A066-35D65FFE1AC8} = {5065C53F-922E-4763-B165-4D22BA246A3C}
		{8AC316F9-20AC-41B9-B7CD-A3060A21BA18} = {5065C53F-922E-4763-B165-4D22BA246A3C}
		{88E247E9-7360-49F6-BAB1-9513E34199EE} = {5065C53F-922E-4763-B165-4D22BA246A3C}
		{1BBB3880-309B-4F4E-82D3-C59472558A6B} = {88043859-169E-4519-9383-CBE46DE7F0FC}
		{0C3E898D-57A8-4D84-941C-AEFAC294C55F} = {1BBB3880-309B-4F4E-82D3-C59472558A6B}
		{A9A6B045-E8C5-4091-BDE8-CC1178CBE762} = {1BBB3880-309B-4F4E-82D3-C59472558A6B}
		{1CD01B0F-BCB8-4493-BD2B-EDEEDE099C20} = {A9A6B045-E8C5-4091-BDE8-CC1178CBE762}
		{CF9773F3-355E-4AEE-9EC2-1099EEDD5C46} = {A9A6B045-E8C5-4091-BDE8-CC1178CBE762}
		{FE38A189-40E9-446E-83FF-BE44A0E63DB5} = {0C3E898D-57A8-4D84-941C-AEFAC294C55F}
		{A9A3EF69-C9AC-41BB-A95D-14BDE31680EE} = {0C3E898D-57A8-4D84-941C-AEFAC294C55F}
		{C205F730-E78D-4A35-8C2E-53E6B9B0EC12} = {2F30E6B1-813B-4254-A022-D84E6FD09833}
		{5FB718E8-3518-40FB-8362-31362B399E90} = {2F30E6B1-813B-4254-A022-D84E6FD09833}
		{A22E8BCC-57B0-4D9A-AF35-E7E9E48C9953} = {5FB718E8-3518-40FB-8362-31362B399E90}
		{788A6540-CED9-41C5-816A-EE493FA10216} = {5FB718E8-3518-40FB-8362-31362B399E90}
		{AC5324E4-A0DB-4943-8F17-C5E4694BCFDB} = {5FB718E8-3518-40FB-8362-31362B399E90}
		{2C9909BE-CD3D-426E-9594-B0B200C95F3E} = {5FB718E8-3518-40FB-8362-31362B399E90}
		{12911B9D-100B-494F-A03D-4CDC7FC19085} = {0C3E898D-57A8-4D84-941C-AEFAC294C55F}
		{3FF16685-9624-49D1-A337-BFDBDFD79795} = {0C3E898D-57A8-4D84-941C-AEFAC294C55F}
		{2C8E4721-E03D-47D2-BA0F-5C3601B82E30} = {3DB29465-5F89-4BBF-A7D5-6FA941E53868}
		{1EE6160E-110F-448C-81D1-0BA4A962B549} = {2C8E4721-E03D-47D2-BA0F-5C3601B82E30}
		{2CD91F92-8525-4A20-A148-95F70294C1EE} = {2C8E4721-E03D-47D2-BA0F-5C3601B82E30}
		{6D49CB65-823F-4436-B8B1-FAB78CF599EC} = {3DB29465-5F89-4BBF-A7D5-6FA941E53868}
		{EDC256C3-3844-4C2A-857A-D8A35F6DE2CC} = {6D49CB65-823F-4436-B8B1-FAB78CF599EC}
		{9C7843A7-A469-4EDF-ABFB-772E5D42729F} = {3DB29465-5F89-4BBF-A7D5-6FA941E53868}
	EndGlobalSection
	GlobalSection(ExtensibilityGlobals) = postSolution
		SolutionGuid = {D6E9931C-7C85-426B-8D58-D5D7B19EC5EB}
	EndGlobalSection
EndGlobal
